
Microsoft Visual Studio Solution File, Format Version 12.00
# Visual Studio Version 17
VisualStudioVersion = 17.8.34309.116
MinimumVisualStudioVersion = 10.0.40219.1
Project("{9A19103F-16F7-4668-BE54-9A1E7A4F7556}") = "Mediator", "Mediator\Mediator.csproj", "{54D13112-A851-4797-8E30-DFBA8D72B620}"
EndProject
Project("{9A19103F-16F7-4668-BE54-9A1E7A4F7556}") = "Command", "Command\Command.csproj", "{DD05D494-84BF-475A-891D-5CC10F6B41A1}"
EndProject
Project("{9A19103F-16F7-4668-BE54-9A1E7A4F7556}") = "Factory", "Factory\Factory.csproj", "{E3DE3340-E36F-4135-8F6B-D7B5C0AFC01C}"
EndProject
Project("{9A19103F-16F7-4668-BE54-9A1E7A4F7556}") = "Singleton", "Singleton\Singleton.csproj", "{AB5DDE3D-BF09-4214-899B-0B9CC2C8DD6A}"
EndProject
Project("{FAE04EC0-301F-11D3-BF4B-00C04F79EFBC}") = "State", "State\State.csproj", "{D0ECC52D-35F8-4BDB-AF1E-011899D5065D}"
EndProject
Global
	GlobalSection(SolutionConfigurationPlatforms) = preSolution
		Debug|Any CPU = Debug|Any CPU
		Release|Any CPU = Release|Any CPU
	EndGlobalSection
	GlobalSection(ProjectConfigurationPlatforms) = postSolution
		{54D13112-A851-4797-8E30-DFBA8D72B620}.Debug|Any CPU.ActiveCfg = Debug|Any CPU
		{54D13112-A851-4797-8E30-DFBA8D72B620}.Debug|Any CPU.Build.0 = Debug|Any CPU
		{54D13112-A851-4797-8E30-DFBA8D72B620}.Release|Any CPU.ActiveCfg = Release|Any CPU
		{54D13112-A851-4797-8E30-DFBA8D72B620}.Release|Any CPU.Build.0 = Release|Any CPU
		{DD05D494-84BF-475A-891D-5CC10F6B41A1}.Debug|Any CPU.ActiveCfg = Debug|Any CPU
		{DD05D494-84BF-475A-891D-5CC10F6B41A1}.Debug|Any CPU.Build.0 = Debug|Any CPU
		{DD05D494-84BF-475A-891D-5CC10F6B41A1}.Release|Any CPU.ActiveCfg = Release|Any CPU
		{DD05D494-84BF-475A-891D-5CC10F6B41A1}.Release|Any CPU.Build.0 = Release|Any CPU
		{E3DE3340-E36F-4135-8F6B-D7B5C0AFC01C}.Debug|Any CPU.ActiveCfg = Debug|Any CPU
		{E3DE3340-E36F-4135-8F6B-D7B5C0AFC01C}.Debug|Any CPU.Build.0 = Debug|Any CPU
		{E3DE3340-E36F-4135-8F6B-D7B5C0AFC01C}.Release|Any CPU.ActiveCfg = Release|Any CPU
		{E3DE3340-E36F-4135-8F6B-D7B5C0AFC01C}.Release|Any CPU.Build.0 = Release|Any CPU
		{AB5DDE3D-BF09-4214-899B-0B9CC2C8DD6A}.Debug|Any CPU.ActiveCfg = Debug|Any CPU
		{AB5DDE3D-BF09-4214-899B-0B9CC2C8DD6A}.Debug|Any CPU.Build.0 = Debug|Any CPU
		{AB5DDE3D-BF09-4214-899B-0B9CC2C8DD6A}.Release|Any CPU.ActiveCfg = Release|Any CPU
		{AB5DDE3D-BF09-4214-899B-0B9CC2C8DD6A}.Release|Any CPU.Build.0 = Release|Any CPU
		{D0ECC52D-35F8-4BDB-AF1E-011899D5065D}.Debug|Any CPU.ActiveCfg = Debug|Any CPU
		{D0ECC52D-35F8-4BDB-AF1E-011899D5065D}.Debug|Any CPU.Build.0 = Debug|Any CPU
		{D0ECC52D-35F8-4BDB-AF1E-011899D5065D}.Release|Any CPU.ActiveCfg = Release|Any CPU
		{D0ECC52D-35F8-4BDB-AF1E-011899D5065D}.Release|Any CPU.Build.0 = Release|Any CPU
	EndGlobalSection
	GlobalSection(SolutionProperties) = preSolution
		HideSolutionNode = FALSE
	EndGlobalSection
	GlobalSection(ExtensibilityGlobals) = postSolution
		SolutionGuid = {08DC0D44-C1F8-4E95-BD53-E31D2C2B1CD2}
	EndGlobalSection
EndGlobal
